
Microsoft Visual Studio Solution File, Format Version 12.00
# Visual Studio 15
VisualStudioVersion = 15.0.28307.1145
MinimumVisualStudioVersion = 10.0.40219.1
Project("{FAE04EC0-301F-11D3-BF4B-00C04F79EFBC}") = "Student.Model", "Student.Model\Student.Model.csproj", "{67E00BC0-DC43-4956-80A3-FBAC0CF9D6D0}"
EndProject
Project("{FAE04EC0-301F-11D3-BF4B-00C04F79EFBC}") = "Student.BLL", "Student.BLL\Student.BLL.csproj", "{C2DED7B2-33EF-4C20-9EB6-A7B4E30ED852}"
EndProject
Project("{FAE04EC0-301F-11D3-BF4B-00C04F79EFBC}") = "Student.DAL", "Student.DAL\Student.DAL.csproj", "{482CBC3A-3C04-433B-B0F1-E7CCF9A292E5}"
EndProject
Project("{E24C65DC-7377-472B-9ABA-BC803B73C61A}") = "Student.Web", "Student.Web\", "{C9B94801-8DA3-4A53-B229-F7B49BA9BE44}"
	ProjectSection(WebsiteProperties) = preProject
		TargetFrameworkMoniker = ".NETFramework,Version%3Dv4.0"
		ProjectReferences = "{67e00bc0-dc43-4956-80a3-fbac0cf9d6d0}|Student.Model.dll;{c2ded7b2-33ef-4c20-9eb6-a7b4e30ed852}|Student.BLL.dll;{482CBC3A-3C04-433B-B0F1-E7CCF9A292E5}|Student.DAL.dll;"
		Debug.AspNetCompiler.VirtualPath = "/localhost_50209"
		Debug.AspNetCompiler.PhysicalPath = "Student.Web\"
		Debug.AspNetCompiler.TargetPath = "PrecompiledWeb\localhost_50209\"
		Debug.AspNetCompiler.Updateable = "true"
		Debug.AspNetCompiler.ForceOverwrite = "true"
		Debug.AspNetCompiler.FixedNames = "false"
		Debug.AspNetCompiler.Debug = "True"
		Release.AspNetCompiler.VirtualPath = "/localhost_50209"
		Release.AspNetCompiler.PhysicalPath = "Student.Web\"
		Release.AspNetCompiler.TargetPath = "PrecompiledWeb\localhost_50209\"
		Release.AspNetCompiler.Updateable = "true"
		Release.AspNetCompiler.ForceOverwrite = "true"
		Release.AspNetCompiler.FixedNames = "false"
		Release.AspNetCompiler.Debug = "False"
		VWDPort = "50209"
		SlnRelativePath = "Student.Web\"
		DefaultWebSiteLanguage = "Visual C#"
	EndProjectSection
EndProject
Global
	GlobalSection(SolutionConfigurationPlatforms) = preSolution
		Debug|Any CPU = Debug|Any CPU
		Release|Any CPU = Release|Any CPU
	EndGlobalSection
	GlobalSection(ProjectConfigurationPlatforms) = postSolution
		{67E00BC0-DC43-4956-80A3-FBAC0CF9D6D0}.Debug|Any CPU.ActiveCfg = Debug|Any CPU
		{67E00BC0-DC43-4956-80A3-FBAC0CF9D6D0}.Debug|Any CPU.Build.0 = Debug|Any CPU
		{67E00BC0-DC43-4956-80A3-FBAC0CF9D6D0}.Release|Any CPU.ActiveCfg = Release|Any CPU
		{67E00BC0-DC43-4956-80A3-FBAC0CF9D6D0}.Release|Any CPU.Build.0 = Release|Any CPU
		{C2DED7B2-33EF-4C20-9EB6-A7B4E30ED852}.Debug|Any CPU.ActiveCfg = Debug|Any CPU
		{C2DED7B2-33EF-4C20-9EB6-A7B4E30ED852}.Debug|Any CPU.Build.0 = Debug|Any CPU
		{C2DED7B2-33EF-4C20-9EB6-A7B4E30ED852}.Release|Any CPU.ActiveCfg = Release|Any CPU
		{C2DED7B2-33EF-4C20-9EB6-A7B4E30ED852}.Release|Any CPU.Build.0 = Release|Any CPU
		{482CBC3A-3C04-433B-B0F1-E7CCF9A292E5}.Debug|Any CPU.ActiveCfg = Debug|Any CPU
		{482CBC3A-3C04-433B-B0F1-E7CCF9A292E5}.Debug|Any CPU.Build.0 = Debug|Any CPU
		{482CBC3A-3C04-433B-B0F1-E7CCF9A292E5}.Release|Any CPU.ActiveCfg = Release|Any CPU
		{482CBC3A-3C04-433B-B0F1-E7CCF9A292E5}.Release|Any CPU.Build.0 = Release|Any CPU
		{C9B94801-8DA3-4A53-B229-F7B49BA9BE44}.Debug|Any CPU.ActiveCfg = Debug|Any CPU
		{C9B94801-8DA3-4A53-B229-F7B49BA9BE44}.Debug|Any CPU.Build.0 = Debug|Any CPU
		{C9B94801-8DA3-4A53-B229-F7B49BA9BE44}.Release|Any CPU.ActiveCfg = Debug|Any CPU
		{C9B94801-8DA3-4A53-B229-F7B49BA9BE44}.Release|Any CPU.Build.0 = Debug|Any CPU
	EndGlobalSection
	GlobalSection(SolutionProperties) = preSolution
		HideSolutionNode = FALSE
	EndGlobalSection
	GlobalSection(ExtensibilityGlobals) = postSolution
		SolutionGuid = {00AE2CB6-CE17-466D-865F-8F2346FC007D}
	EndGlobalSection
EndGlobal
